
Microsoft Visual Studio Solution File, Format Version 12.00
# Visual Studio Version 16
VisualStudioVersion = 16.0.29911.84
MinimumVisualStudioVersion = 10.0.40219.1
Project("{FAE04EC0-301F-11D3-BF4B-00C04F79EFBC}") = "IMAVDVideo", "IMAVDVideo\IMAVDVideo.csproj", "{D1DBED48-2ADC-4A36-A877-C8ED3EDF7410}"
EndProject
Global
	GlobalSection(SolutionConfigurationPlatforms) = preSolution
		Debug|Any CPU = Debug|Any CPU
		Release|Any CPU = Release|Any CPU
	EndGlobalSection
	GlobalSection(ProjectConfigurationPlatforms) = postSolution
		{D1DBED48-2ADC-4A36-A877-C8ED3EDF7410}.Debug|Any CPU.ActiveCfg = Debug|Any CPU
		{D1DBED48-2ADC-4A36-A877-C8ED3EDF7410}.Debug|Any CPU.Build.0 = Debug|Any CPU
		{D1DBED48-2ADC-4A36-A877-C8ED3EDF7410}.Release|Any CPU.ActiveCfg = Release|Any CPU
		{D1DBED48-2ADC-4A36-A877-C8ED3EDF7410}.Release|Any CPU.Build.0 = Release|Any CPU
	EndGlobalSection
	GlobalSection(SolutionProperties) = preSolution
		HideSolutionNode = FALSE
	EndGlobalSection
	GlobalSection(ExtensibilityGlobals) = postSolution
		SolutionGuid = {1168F4DC-6603-480D-A8ED-8D8519C2E61D}
	EndGlobalSection
EndGlobal
